name: update-flake-lock

on:
  workflow_dispatch:
  schedule:
    - cron: "17 3 * * 1"

permissions:
  contents: write
  id-token: write
  issues: write
  pull-requests: write

jobs:
  update:
    runs-on: ubuntu-latest
    env:
      NIX_CONFIG: accept-flake-config = true
    steps:
      - uses: actions/checkout@v6
      - uses: DeterminateSystems/determinate-nix-action@v3
        with:
          github-token: ${{ github.token }}
      - uses: DeterminateSystems/update-flake-lock@main
        with:
          token: ${{ secrets.GH_TOKEN_FOR_UPDATES || github.token }}
          pr-title: "chore(nix): update flake inputs"
          pr-labels: |
            dependencies
            nix
